
Microsoft Visual Studio Solution File, Format Version 12.00
# Visual Studio Version 16
VisualStudioVersion = 16.0.31729.503
MinimumVisualStudioVersion = 10.0.40219.1
Project("{9A19103F-16F7-4668-BE54-9A1E7A4F7556}") = "EpidemicSimulation", "EpidemicSimulation.csproj", "{78133476-83E1-4ED7-9946-6DEA919DD06B}"
EndProject
Global
	GlobalSection(SolutionConfigurationPlatforms) = preSolution
		Debug|Any CPU = Debug|Any CPU
		Debug|x86 = Debug|x86
		Release|Any CPU = Release|Any CPU
		Release|x86 = Release|x86
	EndGlobalSection
	GlobalSection(ProjectConfigurationPlatforms) = postSolution
		{78133476-83E1-4ED7-9946-6DEA919DD06B}.Debug|Any CPU.ActiveCfg = Debug|Any CPU
		{78133476-83E1-4ED7-9946-6DEA919DD06B}.Debug|Any CPU.Build.0 = Debug|Any CPU
		{78133476-83E1-4ED7-9946-6DEA919DD06B}.Debug|x86.ActiveCfg = Debug|x86
		{78133476-83E1-4ED7-9946-6DEA919DD06B}.Debug|x86.Build.0 = Debug|x86
		{78133476-83E1-4ED7-9946-6DEA919DD06B}.Release|Any CPU.ActiveCfg = Release|Any CPU
		{78133476-83E1-4ED7-9946-6DEA919DD06B}.Release|Any CPU.Build.0 = Release|Any CPU
		{78133476-83E1-4ED7-9946-6DEA919DD06B}.Release|x86.ActiveCfg = Release|x86
		{78133476-83E1-4ED7-9946-6DEA919DD06B}.Release|x86.Build.0 = Release|x86
	EndGlobalSection
	GlobalSection(SolutionProperties) = preSolution
		HideSolutionNode = FALSE
	EndGlobalSection
	GlobalSection(ExtensibilityGlobals) = postSolution
		SolutionGuid = {0F235C9F-F3B7-46C6-A229-B2DC0AACFC7E}
	EndGlobalSection
EndGlobal
